
Microsoft Visual Studio Solution File, Format Version 12.00
# Visual Studio 15
VisualStudioVersion = 15.0.28307.902
MinimumVisualStudioVersion = 10.0.40219.1
Project("{FAE04EC0-301F-11D3-BF4B-00C04F79EFBC}") = "SwedenPieShop", "SwedenPieShop\SwedenPieShop.csproj", "{2E6F942C-40AD-4B6C-A9D6-2E4498750BFA}"
EndProject
Global
	GlobalSection(SolutionConfigurationPlatforms) = preSolution
		Debug|Any CPU = Debug|Any CPU
		Release|Any CPU = Release|Any CPU
	EndGlobalSection
	GlobalSection(ProjectConfigurationPlatforms) = postSolution
		{2E6F942C-40AD-4B6C-A9D6-2E4498750BFA}.Debug|Any CPU.ActiveCfg = Debug|Any CPU
		{2E6F942C-40AD-4B6C-A9D6-2E4498750BFA}.Debug|Any CPU.Build.0 = Debug|Any CPU
		{2E6F942C-40AD-4B6C-A9D6-2E4498750BFA}.Release|Any CPU.ActiveCfg = Release|Any CPU
		{2E6F942C-40AD-4B6C-A9D6-2E4498750BFA}.Release|Any CPU.Build.0 = Release|Any CPU
	EndGlobalSection
	GlobalSection(SolutionProperties) = preSolution
		HideSolutionNode = FALSE
	EndGlobalSection
	GlobalSection(ExtensibilityGlobals) = postSolution
		SolutionGuid = {2C9D1C70-A92F-4C94-90D7-1A332B1A1C93}
	EndGlobalSection
EndGlobal
